<Solution>
  <Folder Name="/lesson-1/">
    <Project Path="lesson-1/HelloAqa/HelloAqa.csproj" />
  </Folder>
  <Folder Name="/lesson-2/" />
  <Folder Name="/lesson-2/TMS-1/" />
  <Folder Name="/lesson-2/TMS-1/homework/">
    <Project Path="lesson-2/TMS-1/homework/TMS-1.csproj" />
  </Folder>
  <Folder Name="/lesson-3/" />
  <Folder Name="/lesson-3/TMS-1/" />
  <Folder Name="/lesson-3/TMS-1/homework/">
    <Project Path="lesson-3/TMS-1/homework/TMS-1.csproj" />
  </Folder>
  <Folder Name="/lesson-5/" />
  <Folder Name="/lesson-5/Battleship/">
    <Project Path="lesson-5/Battleship/Battleship/Battleship.csproj" />
  </Folder>
  <Folder Name="/lesson-9/">
    <Project Path="lesson-9/Homework/Homework.csproj" />
  </Folder>
</Solution>
